
Microsoft Visual Studio Solution File, Format Version 12.00
# Visual Studio Version 16
VisualStudioVersion = 16.0.30011.22
MinimumVisualStudioVersion = 10.0.40219.1
Project("{FAE04EC0-301F-11D3-BF4B-00C04F79EFBC}") = "Bowling", "Bowling\Bowling.csproj", "{DCFE5708-9835-46B6-86E9-BBCDE977736B}"
EndProject
Global
	GlobalSection(SolutionConfigurationPlatforms) = preSolution
		Debug|Any CPU = Debug|Any CPU
		Release|Any CPU = Release|Any CPU
	EndGlobalSection
	GlobalSection(ProjectConfigurationPlatforms) = postSolution
		{DCFE5708-9835-46B6-86E9-BBCDE977736B}.Debug|Any CPU.ActiveCfg = Debug|Any CPU
		{DCFE5708-9835-46B6-86E9-BBCDE977736B}.Debug|Any CPU.Build.0 = Debug|Any CPU
		{DCFE5708-9835-46B6-86E9-BBCDE977736B}.Release|Any CPU.ActiveCfg = Release|Any CPU
		{DCFE5708-9835-46B6-86E9-BBCDE977736B}.Release|Any CPU.Build.0 = Release|Any CPU
	EndGlobalSection
	GlobalSection(SolutionProperties) = preSolution
		HideSolutionNode = FALSE
	EndGlobalSection
	GlobalSection(ExtensibilityGlobals) = postSolution
		SolutionGuid = {D513B3A0-8827-42E4-A236-9F75BD40A71F}
	EndGlobalSection
EndGlobal
